
Microsoft Visual Studio Solution File, Format Version 12.00
# Visual Studio Version 17
VisualStudioVersion = 17.1.32210.238
MinimumVisualStudioVersion = 10.0.40219.1
Project("{FAE04EC0-301F-11D3-BF4B-00C04F79EFBC}") = "AddressBookSystem", "AddressBookSystem.csproj", "{BB829227-11C5-49D4-B05B-B140E1E7D91E}"
EndProject
Project("{FAE04EC0-301F-11D3-BF4B-00C04F79EFBC}") = "AddressBookTest", "..\AddressBookTest\AddressBookTest.csproj", "{214B1047-47C5-4EA6-AA59-8960A1D4E75C}"
EndProject
Global
	GlobalSection(SolutionConfigurationPlatforms) = preSolution
		Debug|Any CPU = Debug|Any CPU
		Release|Any CPU = Release|Any CPU
	EndGlobalSection
	GlobalSection(ProjectConfigurationPlatforms) = postSolution
		{BB829227-11C5-49D4-B05B-B140E1E7D91E}.Debug|Any CPU.ActiveCfg = Debug|Any CPU
		{BB829227-11C5-49D4-B05B-B140E1E7D91E}.Debug|Any CPU.Build.0 = Debug|Any CPU
		{BB829227-11C5-49D4-B05B-B140E1E7D91E}.Release|Any CPU.ActiveCfg = Release|Any CPU
		{BB829227-11C5-49D4-B05B-B140E1E7D91E}.Release|Any CPU.Build.0 = Release|Any CPU
		{214B1047-47C5-4EA6-AA59-8960A1D4E75C}.Debug|Any CPU.ActiveCfg = Debug|Any CPU
		{214B1047-47C5-4EA6-AA59-8960A1D4E75C}.Debug|Any CPU.Build.0 = Debug|Any CPU
		{214B1047-47C5-4EA6-AA59-8960A1D4E75C}.Release|Any CPU.ActiveCfg = Release|Any CPU
		{214B1047-47C5-4EA6-AA59-8960A1D4E75C}.Release|Any CPU.Build.0 = Release|Any CPU
	EndGlobalSection
	GlobalSection(SolutionProperties) = preSolution
		HideSolutionNode = FALSE
	EndGlobalSection
	GlobalSection(ExtensibilityGlobals) = postSolution
		SolutionGuid = {891A4FA1-666D-4175-9CF0-8EFE66CE9B4D}
	EndGlobalSection
EndGlobal
